
Microsoft Visual Studio Solution File, Format Version 12.00
# Visual Studio Version 17
VisualStudioVersion = 17.6.33829.357
MinimumVisualStudioVersion = 10.0.40219.1
Project("{FAE04EC0-301F-11D3-BF4B-00C04F79EFBC}") = "SF_9", "SF_9\SF_9.csproj", "{EA046052-F8D3-416F-A330-8D95C519E794}"
EndProject
Global
	GlobalSection(SolutionConfigurationPlatforms) = preSolution
		Debug|Any CPU = Debug|Any CPU
		Release|Any CPU = Release|Any CPU
	EndGlobalSection
	GlobalSection(ProjectConfigurationPlatforms) = postSolution
		{EA046052-F8D3-416F-A330-8D95C519E794}.Debug|Any CPU.ActiveCfg = Debug|Any CPU
		{EA046052-F8D3-416F-A330-8D95C519E794}.Debug|Any CPU.Build.0 = Debug|Any CPU
		{EA046052-F8D3-416F-A330-8D95C519E794}.Release|Any CPU.ActiveCfg = Release|Any CPU
		{EA046052-F8D3-416F-A330-8D95C519E794}.Release|Any CPU.Build.0 = Release|Any CPU
	EndGlobalSection
	GlobalSection(SolutionProperties) = preSolution
		HideSolutionNode = FALSE
	EndGlobalSection
	GlobalSection(ExtensibilityGlobals) = postSolution
		SolutionGuid = {5182DD19-433A-4A3A-B114-606CA76D401B}
	EndGlobalSection
EndGlobal
